# This file was autogenerated by Stack.
# You should not edit this file by hand.
# For more information, please see the documentation at:
#   https://docs.haskellstack.org/en/stable/topics/lock_files

packages: []
snapshots:
- completed:
    sha256: 894d4f30233d013a630888715413079b4e04643a822d79bc22be39df2fbd7ab3
    size: 703616
    url: https://raw.githubusercontent.com/commercialhaskell/stackage-snapshots/master/nightly/2025/10/25.yaml
  original: nightly-2025-10-25
